// !$*UTF8*$!
{
	archiveVersion = 1;
	classes = {
	};
	objectVersion = 46;
	objects = {

/* Begin PBXBuildFile section */
		021FD62700298EF1005D4956 /* Pods_NearMe_NearMe.framework in Frameworks */ = {isa = PBXBuildFile; fileRef = 1BCBE980E97A5D8E503C0586 /* Pods_NearMe_NearMe.framework */; };
		0CE85591E20A411A614C291E /* Pods_NearMe.framework in Frameworks */ = {isa = PBXBuildFile; fileRef = 8ED9A6C543A4E92AB8B8EAE5 /* Pods_NearMe.framework */; };
		2A27D5921FCFEAE200331A63 /* UserProfileViewController.swift in Sources */ = {isa = PBXBuildFile; fileRef = 2A27D5911FCFEAE200331A63 /* UserProfileViewController.swift */; };
		2A37F9E72026CFDE00CF79E4 /* MainTabBarController.swift in Sources */ = {isa = PBXBuildFile; fileRef = 2A37F9E62026CFDE00CF79E4 /* MainTabBarController.swift */; };
		2A43C6DE2017F5370082C69C /* ifaddrs.m in Sources */ = {isa = PBXBuildFile; fileRef = 2A43C6DD2017F5370082C69C /* ifaddrs.m */; };
		2A43C6E02017F6450082C69C /* Util.swift in Sources */ = {isa = PBXBuildFile; fileRef = 2A43C6DF2017F6450082C69C /* Util.swift */; };
		2A6934CE20732146009CBCB4 /* ProfileViewController.swift in Sources */ = {isa = PBXBuildFile; fileRef = 2A6934CD20732146009CBCB4 /* ProfileViewController.swift */; };
		2A6934D02073219B009CBCB4 /* FriendProfileViewController.swift in Sources */ = {isa = PBXBuildFile; fileRef = 2A6934CF2073219B009CBCB4 /* FriendProfileViewController.swift */; };
		2A89C7322016D7D500C10AF2 /* Constants.swift in Sources */ = {isa = PBXBuildFile; fileRef = 2A89C7312016D7D500C10AF2 /* Constants.swift */; };
		A5281CC11EAEAF3D003B9489 /* NoSqlSampleDataGenerator.swift in Sources */ = {isa = PBXBuildFile; fileRef = A5281CC01EAEAF3D003B9489 /* NoSqlSampleDataGenerator.swift */; };
		A5281CC31EAEEBA8003B9489 /* NoSQLModelHelpers.swift in Sources */ = {isa = PBXBuildFile; fileRef = A5281CC21EAEEBA8003B9489 /* NoSQLModelHelpers.swift */; };
		A5462D761EF0A0ED000970EB /* NearbyLocationsViewController.swift in Sources */ = {isa = PBXBuildFile; fileRef = A5462D751EF0A0ED000970EB /* NearbyLocationsViewController.swift */; };
		A5462D781EF0A4A6000970EB /* NearbyTableView.swift in Sources */ = {isa = PBXBuildFile; fileRef = A5462D771EF0A4A6000970EB /* NearbyTableView.swift */; };
		A5462D7A1EF0A54C000970EB /* NearbyPeopleViewController.swift in Sources */ = {isa = PBXBuildFile; fileRef = A5462D791EF0A54C000970EB /* NearbyPeopleViewController.swift */; };
		A5462D7C1EF0AB3F000970EB /* UserTableViewCell.swift in Sources */ = {isa = PBXBuildFile; fileRef = A5462D7B1EF0AB3F000970EB /* UserTableViewCell.swift */; };
		A566FEE21F059C390060105D /* Location.swift in Sources */ = {isa = PBXBuildFile; fileRef = A566FEE11F059C390060105D /* Location.swift */; };
		A5A645B11EA6F4FB00D411E1 /* AppDelegate.swift in Sources */ = {isa = PBXBuildFile; fileRef = A5A645B01EA6F4FB00D411E1 /* AppDelegate.swift */; };
		A5A645B61EA6F4FB00D411E1 /* Main.storyboard in Resources */ = {isa = PBXBuildFile; fileRef = A5A645B41EA6F4FB00D411E1 /* Main.storyboard */; };
		A5A645B91EA6F4FB00D411E1 /* NearMe.xcdatamodeld in Sources */ = {isa = PBXBuildFile; fileRef = A5A645B71EA6F4FB00D411E1 /* NearMe.xcdatamodeld */; };
		A5A645BB1EA6F4FB00D411E1 /* Assets.xcassets in Resources */ = {isa = PBXBuildFile; fileRef = A5A645BA1EA6F4FB00D411E1 /* Assets.xcassets */; };
		A5A645BE1EA6F4FB00D411E1 /* LaunchScreen.storyboard in Resources */ = {isa = PBXBuildFile; fileRef = A5A645BC1EA6F4FB00D411E1 /* LaunchScreen.storyboard */; };
		A5A645C91EA6F4FB00D411E1 /* NearMeTests.swift in Sources */ = {isa = PBXBuildFile; fileRef = A5A645C81EA6F4FB00D411E1 /* NearMeTests.swift */; };
		A5A645D41EA6F4FB00D411E1 /* NearMeUITests.swift in Sources */ = {isa = PBXBuildFile; fileRef = A5A645D31EA6F4FB00D411E1 /* NearMeUITests.swift */; };
		A5A645E41EA6F9CE00D411E1 /* PeopleTableViewController.swift in Sources */ = {isa = PBXBuildFile; fileRef = A5A645E31EA6F9CE00D411E1 /* PeopleTableViewController.swift */; };
		A5A645E61EA6FADF00D411E1 /* Person.swift in Sources */ = {isa = PBXBuildFile; fileRef = A5A645E51EA6FADF00D411E1 /* Person.swift */; };
		A5A645E81EA720BF00D411E1 /* Student.swift in Sources */ = {isa = PBXBuildFile; fileRef = A5A645E71EA720BF00D411E1 /* Student.swift */; };
		A5A645EA1EA724DD00D411E1 /* EmployedPerson.swift in Sources */ = {isa = PBXBuildFile; fileRef = A5A645E91EA724DD00D411E1 /* EmployedPerson.swift */; };
		A5CAABCA1EA95AA500A16E98 /* libsqlite3.tbd in Frameworks */ = {isa = PBXBuildFile; fileRef = A5CAABC91EA95AA500A16E98 /* libsqlite3.tbd */; };
		A5CAABCC1EA95AB700A16E98 /* libz.tbd in Frameworks */ = {isa = PBXBuildFile; fileRef = A5CAABCB1EA95AB700A16E98 /* libz.tbd */; };
		A5CAABD21EAA7DF000A16E98 /* Locations.swift in Sources */ = {isa = PBXBuildFile; fileRef = A5CAABD11EAA7DF000A16E98 /* Locations.swift */; };
		A5E446461ED68A8A00791822 /* LoginViewController.swift in Sources */ = {isa = PBXBuildFile; fileRef = A5E446451ED68A8A00791822 /* LoginViewController.swift */; };
		A5E446491ED7A81300791822 /* User.swift in Sources */ = {isa = PBXBuildFile; fileRef = A5E446481ED7A81300791822 /* User.swift */; };
		A5E4464B1ED7BA9200791822 /* SignupViewController.swift in Sources */ = {isa = PBXBuildFile; fileRef = A5E4464A1ED7BA9200791822 /* SignupViewController.swift */; };
		A5E4464D1ED7CA6100791822 /* Access.storyboard in Resources */ = {isa = PBXBuildFile; fileRef = A5E4464C1ED7CA6100791822 /* Access.storyboard */; };
		A5E446531EDF6ECC00791822 /* AccountsTable.swift in Sources */ = {isa = PBXBuildFile; fileRef = A5E446521EDF6ECC00791822 /* AccountsTable.swift */; };
		A5F0431E1F0E932F00D0BBAD /* googleLocation.swift in Sources */ = {isa = PBXBuildFile; fileRef = A5F0431D1F0E932F00D0BBAD /* googleLocation.swift */; };
		A81AAC9FEBAC53EDDDDE887B /* Pods_NearMeTests.framework in Frameworks */ = {isa = PBXBuildFile; fileRef = 8E50A159BFDC4030841FC8FA /* Pods_NearMeTests.framework */; };
		FAB61DED7A6316E6FF26E5D7 /* Pods_NearMeUITests.framework in Frameworks */ = {isa = PBXBuildFile; fileRef = 89385DFBD3E5ACADB49CFA99 /* Pods_NearMeUITests.framework */; };
/* End PBXBuildFile section */

/* Begin PBXContainerItemProxy section */
		A5A645C51EA6F4FB00D411E1 /* PBXContainerItemProxy */ = {
			isa = PBXContainerItemProxy;
			containerPortal = A5A645A51EA6F4FB00D411E1 /* Project object */;
			proxyType = 1;
			remoteGlobalIDString = A5A645AC1EA6F4FB00D411E1;
			remoteInfo = NearMe;
		};
		A5A645D01EA6F4FB00D411E1 /* PBXContainerItemProxy */ = {
			isa = PBXContainerItemProxy;
			containerPortal = A5A645A51EA6F4FB00D411E1 /* Project object */;
			proxyType = 1;
			remoteGlobalIDString = A5A645AC1EA6F4FB00D411E1;
			remoteInfo = NearMe;
		};
/* End PBXContainerItemProxy section */

/* Begin PBXCopyFilesBuildPhase section */
		A58D4FDE1EEEF8B6003A9365 /* Embed Frameworks */ = {
			isa = PBXCopyFilesBuildPhase;
			buildActionMask = 2147483647;
			dstPath = "";
			dstSubfolderSpec = 10;
			files = (
			);
			name = "Embed Frameworks";
			runOnlyForDeploymentPostprocessing = 0;
		};
/* End PBXCopyFilesBuildPhase section */

/* Begin PBXFileReference section */
		151C842C815E077C5DA13581 /* Pods-NearMe-NearMe.debug.xcconfig */ = {isa = PBXFileReference; includeInIndex = 1; lastKnownFileType = text.xcconfig; name = "Pods-NearMe-NearMe.debug.xcconfig"; path = "Pods/Target Support Files/Pods-NearMe-NearMe/Pods-NearMe-NearMe.debug.xcconfig"; sourceTree = "<group>"; };
		1BCBE980E97A5D8E503C0586 /* Pods_NearMe_NearMe.framework */ = {isa = PBXFileReference; explicitFileType = wrapper.framework; includeInIndex = 0; path = Pods_NearMe_NearMe.framework; sourceTree = BUILT_PRODUCTS_DIR; };
		25F11A12CBAC0E7A7F26C7F6 /* Pods-NearMe-NearMe.release.xcconfig */ = {isa = PBXFileReference; includeInIndex = 1; lastKnownFileType = text.xcconfig; name = "Pods-NearMe-NearMe.release.xcconfig"; path = "Pods/Target Support Files/Pods-NearMe-NearMe/Pods-NearMe-NearMe.release.xcconfig"; sourceTree = "<group>"; };
		2A27D5911FCFEAE200331A63 /* UserProfileViewController.swift */ = {isa = PBXFileReference; lastKnownFileType = sourcecode.swift; path = UserProfileViewController.swift; sourceTree = "<group>"; };
		2A37F9E62026CFDE00CF79E4 /* MainTabBarController.swift */ = {isa = PBXFileReference; lastKnownFileType = sourcecode.swift; path = MainTabBarController.swift; sourceTree = "<group>"; };
		2A43C6DC2017F5360082C69C /* NearMe-Bridging-Header.h */ = {isa = PBXFileReference; lastKnownFileType = sourcecode.c.h; path = "NearMe-Bridging-Header.h"; sourceTree = "<group>"; };
		2A43C6DD2017F5370082C69C /* ifaddrs.m */ = {isa = PBXFileReference; lastKnownFileType = sourcecode.c.objc; path = ifaddrs.m; sourceTree = "<group>"; };
		2A43C6DF2017F6450082C69C /* Util.swift */ = {isa = PBXFileReference; lastKnownFileType = sourcecode.swift; path = Util.swift; sourceTree = "<group>"; };
		2A6934CD20732146009CBCB4 /* ProfileViewController.swift */ = {isa = PBXFileReference; lastKnownFileType = sourcecode.swift; path = ProfileViewController.swift; sourceTree = "<group>"; };
		2A6934CF2073219B009CBCB4 /* FriendProfileViewController.swift */ = {isa = PBXFileReference; lastKnownFileType = sourcecode.swift; path = FriendProfileViewController.swift; sourceTree = "<group>"; };
		2A89C7312016D7D500C10AF2 /* Constants.swift */ = {isa = PBXFileReference; lastKnownFileType = sourcecode.swift; path = Constants.swift; sourceTree = "<group>"; };
		367B6E6AAE824E61258E6144 /* Pods-NearMe.debug.xcconfig */ = {isa = PBXFileReference; includeInIndex = 1; lastKnownFileType = text.xcconfig; name = "Pods-NearMe.debug.xcconfig"; path = "Pods/Target Support Files/Pods-NearMe/Pods-NearMe.debug.xcconfig"; sourceTree = "<group>"; };
		76F2B9DC5B976E8CE124491E /* Pods-NearMeUITests.release.xcconfig */ = {isa = PBXFileReference; includeInIndex = 1; lastKnownFileType = text.xcconfig; name = "Pods-NearMeUITests.release.xcconfig"; path = "Pods/Target Support Files/Pods-NearMeUITests/Pods-NearMeUITests.release.xcconfig"; sourceTree = "<group>"; };
		89385DFBD3E5ACADB49CFA99 /* Pods_NearMeUITests.framework */ = {isa = PBXFileReference; explicitFileType = wrapper.framework; includeInIndex = 0; path = Pods_NearMeUITests.framework; sourceTree = BUILT_PRODUCTS_DIR; };
		8C39FAD41AE982195E839DA3 /* Pods-NearMe.release.xcconfig */ = {isa = PBXFileReference; includeInIndex = 1; lastKnownFileType = text.xcconfig; name = "Pods-NearMe.release.xcconfig"; path = "Pods/Target Support Files/Pods-NearMe/Pods-NearMe.release.xcconfig"; sourceTree = "<group>"; };
		8E50A159BFDC4030841FC8FA /* Pods_NearMeTests.framework */ = {isa = PBXFileReference; explicitFileType = wrapper.framework; includeInIndex = 0; path = Pods_NearMeTests.framework; sourceTree = BUILT_PRODUCTS_DIR; };
		8ED9A6C543A4E92AB8B8EAE5 /* Pods_NearMe.framework */ = {isa = PBXFileReference; explicitFileType = wrapper.framework; includeInIndex = 0; path = Pods_NearMe.framework; sourceTree = BUILT_PRODUCTS_DIR; };
		A5281CBE1EAE9D76003B9489 /* LocationsTable.swift */ = {isa = PBXFileReference; fileEncoding = 4; lastKnownFileType = sourcecode.swift; path = LocationsTable.swift; sourceTree = "<group>"; };
		A5281CC01EAEAF3D003B9489 /* NoSqlSampleDataGenerator.swift */ = {isa = PBXFileReference; fileEncoding = 4; lastKnownFileType = sourcecode.swift; path = NoSqlSampleDataGenerator.swift; sourceTree = "<group>"; };
		A5281CC21EAEEBA8003B9489 /* NoSQLModelHelpers.swift */ = {isa = PBXFileReference; fileEncoding = 4; lastKnownFileType = sourcecode.swift; path = NoSQLModelHelpers.swift; sourceTree = "<group>"; };
		A5462D751EF0A0ED000970EB /* NearbyLocationsViewController.swift */ = {isa = PBXFileReference; fileEncoding = 4; lastKnownFileType = sourcecode.swift; path = NearbyLocationsViewController.swift; sourceTree = "<group>"; };
		A5462D771EF0A4A6000970EB /* NearbyTableView.swift */ = {isa = PBXFileReference; fileEncoding = 4; lastKnownFileType = sourcecode.swift; path = NearbyTableView.swift; sourceTree = "<group>"; };
		A5462D791EF0A54C000970EB /* NearbyPeopleViewController.swift */ = {isa = PBXFileReference; fileEncoding = 4; lastKnownFileType = sourcecode.swift; path = NearbyPeopleViewController.swift; sourceTree = "<group>"; };
		A5462D7B1EF0AB3F000970EB /* UserTableViewCell.swift */ = {isa = PBXFileReference; fileEncoding = 4; lastKnownFileType = sourcecode.swift; path = UserTableViewCell.swift; sourceTree = "<group>"; };
		A566FEE11F059C390060105D /* Location.swift */ = {isa = PBXFileReference; fileEncoding = 4; lastKnownFileType = sourcecode.swift; path = Location.swift; sourceTree = "<group>"; };
		A566FEE31F0ADFD50060105D /* NearMe.entitlements */ = {isa = PBXFileReference; lastKnownFileType = text.plist.entitlements; path = NearMe.entitlements; sourceTree = "<group>"; };
		A58D4F941EEC7CFA003A9365 /* MobileCoreServices.framework */ = {isa = PBXFileReference; lastKnownFileType = wrapper.framework; name = MobileCoreServices.framework; path = System/Library/Frameworks/MobileCoreServices.framework; sourceTree = SDKROOT; };
		A58D4FDF1EEF1CC1003A9365 /* Sdk */ = {isa = PBXFileReference; lastKnownFileType = folder; name = Sdk; path = "../../Code/NearMe-integration-lib-aws-my-sample-app-ios-swift/Sdk"; sourceTree = "<group>"; };
		A58D4FE81EEF1D6E003A9365 /* AWSMobileClient.swift */ = {isa = PBXFileReference; fileEncoding = 4; lastKnownFileType = sourcecode.swift; path = AWSMobileClient.swift; sourceTree = "<group>"; };
		A58D4FE91EEF1D6E003A9365 /* AWSMobileHubHelper.framework */ = {isa = PBXFileReference; lastKnownFileType = wrapper.framework; path = AWSMobileHubHelper.framework; sourceTree = "<group>"; };
		A5A645AD1EA6F4FB00D411E1 /* NearMe.app */ = {isa = PBXFileReference; explicitFileType = wrapper.application; includeInIndex = 0; path = NearMe.app; sourceTree = BUILT_PRODUCTS_DIR; };
		A5A645B01EA6F4FB00D411E1 /* AppDelegate.swift */ = {isa = PBXFileReference; lastKnownFileType = sourcecode.swift; path = AppDelegate.swift; sourceTree = "<group>"; };
		A5A645B51EA6F4FB00D411E1 /* Base */ = {isa = PBXFileReference; lastKnownFileType = file.storyboard; name = Base; path = Base.lproj/Main.storyboard; sourceTree = "<group>"; };
		A5A645B81EA6F4FB00D411E1 /* NearMe.xcdatamodel */ = {isa = PBXFileReference; lastKnownFileType = wrapper.xcdatamodel; path = NearMe.xcdatamodel; sourceTree = "<group>"; };
		A5A645BA1EA6F4FB00D411E1 /* Assets.xcassets */ = {isa = PBXFileReference; lastKnownFileType = folder.assetcatalog; path = Assets.xcassets; sourceTree = "<group>"; };
		A5A645BD1EA6F4FB00D411E1 /* Base */ = {isa = PBXFileReference; lastKnownFileType = file.storyboard; name = Base; path = Base.lproj/LaunchScreen.storyboard; sourceTree = "<group>"; };
		A5A645BF1EA6F4FB00D411E1 /* Info.plist */ = {isa = PBXFileReference; lastKnownFileType = text.plist.xml; path = Info.plist; sourceTree = "<group>"; };
		A5A645C41EA6F4FB00D411E1 /* NearMeTests.xctest */ = {isa = PBXFileReference; explicitFileType = wrapper.cfbundle; includeInIndex = 0; path = NearMeTests.xctest; sourceTree = BUILT_PRODUCTS_DIR; };
		A5A645C81EA6F4FB00D411E1 /* NearMeTests.swift */ = {isa = PBXFileReference; lastKnownFileType = sourcecode.swift; path = NearMeTests.swift; sourceTree = "<group>"; };
		A5A645CA1EA6F4FB00D411E1 /* Info.plist */ = {isa = PBXFileReference; lastKnownFileType = text.plist.xml; path = Info.plist; sourceTree = "<group>"; };
		A5A645CF1EA6F4FB00D411E1 /* NearMeUITests.xctest */ = {isa = PBXFileReference; explicitFileType = wrapper.cfbundle; includeInIndex = 0; path = NearMeUITests.xctest; sourceTree = BUILT_PRODUCTS_DIR; };
		A5A645D31EA6F4FB00D411E1 /* NearMeUITests.swift */ = {isa = PBXFileReference; lastKnownFileType = sourcecode.swift; path = NearMeUITests.swift; sourceTree = "<group>"; };
		A5A645D51EA6F4FB00D411E1 /* Info.plist */ = {isa = PBXFileReference; lastKnownFileType = text.plist.xml; path = Info.plist; sourceTree = "<group>"; };
		A5A645E31EA6F9CE00D411E1 /* PeopleTableViewController.swift */ = {isa = PBXFileReference; fileEncoding = 4; lastKnownFileType = sourcecode.swift; path = PeopleTableViewController.swift; sourceTree = "<group>"; };
		A5A645E51EA6FADF00D411E1 /* Person.swift */ = {isa = PBXFileReference; fileEncoding = 4; lastKnownFileType = sourcecode.swift; path = Person.swift; sourceTree = "<group>"; };
		A5A645E71EA720BF00D411E1 /* Student.swift */ = {isa = PBXFileReference; fileEncoding = 4; lastKnownFileType = sourcecode.swift; path = Student.swift; sourceTree = "<group>"; };
		A5A645E91EA724DD00D411E1 /* EmployedPerson.swift */ = {isa = PBXFileReference; fileEncoding = 4; lastKnownFileType = sourcecode.swift; name = EmployedPerson.swift; path = ../EmployedPerson.swift; sourceTree = "<group>"; };
		A5BCE97EECA2A21F7B9A65FC /* Pods-NearMeUITests.debug.xcconfig */ = {isa = PBXFileReference; includeInIndex = 1; lastKnownFileType = text.xcconfig; name = "Pods-NearMeUITests.debug.xcconfig"; path = "Pods/Target Support Files/Pods-NearMeUITests/Pods-NearMeUITests.debug.xcconfig"; sourceTree = "<group>"; };
		A5CAABC91EA95AA500A16E98 /* libsqlite3.tbd */ = {isa = PBXFileReference; lastKnownFileType = "sourcecode.text-based-dylib-definition"; name = libsqlite3.tbd; path = usr/lib/libsqlite3.tbd; sourceTree = SDKROOT; };
		A5CAABCB1EA95AB700A16E98 /* libz.tbd */ = {isa = PBXFileReference; lastKnownFileType = "sourcecode.text-based-dylib-definition"; name = libz.tbd; path = usr/lib/libz.tbd; sourceTree = SDKROOT; };
		A5CAABD11EAA7DF000A16E98 /* Locations.swift */ = {isa = PBXFileReference; fileEncoding = 4; lastKnownFileType = sourcecode.swift; path = Locations.swift; sourceTree = "<group>"; };
		A5E446451ED68A8A00791822 /* LoginViewController.swift */ = {isa = PBXFileReference; fileEncoding = 4; lastKnownFileType = sourcecode.swift; path = LoginViewController.swift; sourceTree = "<group>"; };
		A5E446481ED7A81300791822 /* User.swift */ = {isa = PBXFileReference; fileEncoding = 4; lastKnownFileType = sourcecode.swift; path = User.swift; sourceTree = "<group>"; };
		A5E4464A1ED7BA9200791822 /* SignupViewController.swift */ = {isa = PBXFileReference; fileEncoding = 4; lastKnownFileType = sourcecode.swift; path = SignupViewController.swift; sourceTree = "<group>"; };
		A5E4464C1ED7CA6100791822 /* Access.storyboard */ = {isa = PBXFileReference; fileEncoding = 4; lastKnownFileType = file.storyboard; path = Access.storyboard; sourceTree = "<group>"; };
		A5E446501EDF170200791822 /* GeorgiaTable.swift */ = {isa = PBXFileReference; fileEncoding = 4; lastKnownFileType = sourcecode.swift; path = GeorgiaTable.swift; sourceTree = "<group>"; };
		A5E446521EDF6ECC00791822 /* AccountsTable.swift */ = {isa = PBXFileReference; fileEncoding = 4; lastKnownFileType = sourcecode.swift; path = AccountsTable.swift; sourceTree = "<group>"; };
		A5F0431D1F0E932F00D0BBAD /* googleLocation.swift */ = {isa = PBXFileReference; fileEncoding = 4; lastKnownFileType = sourcecode.swift; path = googleLocation.swift; sourceTree = "<group>"; };
		B4E065AB22BA44167177A62E /* Pods-NearMeTests.debug.xcconfig */ = {isa = PBXFileReference; includeInIndex = 1; lastKnownFileType = text.xcconfig; name = "Pods-NearMeTests.debug.xcconfig"; path = "Pods/Target Support Files/Pods-NearMeTests/Pods-NearMeTests.debug.xcconfig"; sourceTree = "<group>"; };
		BDD40AEF01C44B856CF0D421 /* Pods-NearMeTests.release.xcconfig */ = {isa = PBXFileReference; includeInIndex = 1; lastKnownFileType = text.xcconfig; name = "Pods-NearMeTests.release.xcconfig"; path = "Pods/Target Support Files/Pods-NearMeTests/Pods-NearMeTests.release.xcconfig"; sourceTree = "<group>"; };
/* End PBXFileReference section */

/* Begin PBXFrameworksBuildPhase section */
		A5A645AA1EA6F4FB00D411E1 /* Frameworks */ = {
			isa = PBXFrameworksBuildPhase;
			buildActionMask = 2147483647;
			files = (
				A5CAABCC1EA95AB700A16E98 /* libz.tbd in Frameworks */,
				A5CAABCA1EA95AA500A16E98 /* libsqlite3.tbd in Frameworks */,
				0CE85591E20A411A614C291E /* Pods_NearMe.framework in Frameworks */,
				021FD62700298EF1005D4956 /* Pods_NearMe_NearMe.framework in Frameworks */,
			);
			runOnlyForDeploymentPostprocessing = 0;
		};
		A5A645C11EA6F4FB00D411E1 /* Frameworks */ = {
			isa = PBXFrameworksBuildPhase;
			buildActionMask = 2147483647;
			files = (
				A81AAC9FEBAC53EDDDDE887B /* Pods_NearMeTests.framework in Frameworks */,
			);
			runOnlyForDeploymentPostprocessing = 0;
		};
		A5A645CC1EA6F4FB00D411E1 /* Frameworks */ = {
			isa = PBXFrameworksBuildPhase;
			buildActionMask = 2147483647;
			files = (
				FAB61DED7A6316E6FF26E5D7 /* Pods_NearMeUITests.framework in Frameworks */,
			);
			runOnlyForDeploymentPostprocessing = 0;
		};
/* End PBXFrameworksBuildPhase section */

/* Begin PBXGroup section */
		2A351C5F20741D74002A9ACC /* Users */ = {
			isa = PBXGroup;
			children = (
				2A6934CF2073219B009CBCB4 /* FriendProfileViewController.swift */,
				2A27D5911FCFEAE200331A63 /* UserProfileViewController.swift */,
				2A6934CD20732146009CBCB4 /* ProfileViewController.swift */,
			);
			name = Users;
			sourceTree = "<group>";
		};
		2A89C7302016D7C500C10AF2 /* Utils */ = {
			isa = PBXGroup;
			children = (
				2A89C7312016D7D500C10AF2 /* Constants.swift */,
				2A43C6DF2017F6450082C69C /* Util.swift */,
			);
			name = Utils;
			sourceTree = "<group>";
		};
		2AEA8134202900D100574261 /* Orchestrator */ = {
			isa = PBXGroup;
			children = (
				2A37F9E62026CFDE00CF79E4 /* MainTabBarController.swift */,
			);
			name = Orchestrator;
			sourceTree = "<group>";
		};
		2AEA81352029012600574261 /* LocationTracking */ = {
			isa = PBXGroup;
			children = (
				A5462D751EF0A0ED000970EB /* NearbyLocationsViewController.swift */,
			);
			name = LocationTracking;
			sourceTree = "<group>";
		};
		2AEA81362029013600574261 /* Authentication */ = {
			isa = PBXGroup;
			children = (
				A5E4464A1ED7BA9200791822 /* SignupViewController.swift */,
				A5E446451ED68A8A00791822 /* LoginViewController.swift */,
			);
			name = Authentication;
			sourceTree = "<group>";
		};
		A2C2DF2A228BFCD37941843B /* Pods */ = {
			isa = PBXGroup;
			children = (
				367B6E6AAE824E61258E6144 /* Pods-NearMe.debug.xcconfig */,
				8C39FAD41AE982195E839DA3 /* Pods-NearMe.release.xcconfig */,
				151C842C815E077C5DA13581 /* Pods-NearMe-NearMe.debug.xcconfig */,
				25F11A12CBAC0E7A7F26C7F6 /* Pods-NearMe-NearMe.release.xcconfig */,
				B4E065AB22BA44167177A62E /* Pods-NearMeTests.debug.xcconfig */,
				BDD40AEF01C44B856CF0D421 /* Pods-NearMeTests.release.xcconfig */,
				A5BCE97EECA2A21F7B9A65FC /* Pods-NearMeUITests.debug.xcconfig */,
				76F2B9DC5B976E8CE124491E /* Pods-NearMeUITests.release.xcconfig */,
			);
			name = Pods;
			sourceTree = "<group>";
		};
		A577C3071EF9CF33005D4258 /* legacy */ = {
			isa = PBXGroup;
			children = (
				A5A645E31EA6F9CE00D411E1 /* PeopleTableViewController.swift */,
			);
			name = legacy;
			sourceTree = "<group>";
		};
		A58D4FE71EEF1D6E003A9365 /* AmazonAws */ = {
			isa = PBXGroup;
			children = (
				A58D4FE81EEF1D6E003A9365 /* AWSMobileClient.swift */,
				A58D4FE91EEF1D6E003A9365 /* AWSMobileHubHelper.framework */,
			);
			name = AmazonAws;
			path = "../../Code/NearMe-integration-lib-aws-my-sample-app-ios-swift/AmazonAws";
			sourceTree = "<group>";
		};
		A5A645A41EA6F4FB00D411E1 = {
			isa = PBXGroup;
			children = (
				A5A645AF1EA6F4FB00D411E1 /* NearMe */,
				A5A645C71EA6F4FB00D411E1 /* NearMeTests */,
				A5A645D21EA6F4FB00D411E1 /* NearMeUITests */,
				A58D4FE71EEF1D6E003A9365 /* AmazonAws */,
				A58D4FDF1EEF1CC1003A9365 /* Sdk */,
				A5A645AE1EA6F4FB00D411E1 /* Products */,
				A5CAABC81EA95AA500A16E98 /* Frameworks */,
				A2C2DF2A228BFCD37941843B /* Pods */,
			);
			sourceTree = "<group>";
		};
		A5A645AE1EA6F4FB00D411E1 /* Products */ = {
			isa = PBXGroup;
			children = (
				A5A645AD1EA6F4FB00D411E1 /* NearMe.app */,
				A5A645C41EA6F4FB00D411E1 /* NearMeTests.xctest */,
				A5A645CF1EA6F4FB00D411E1 /* NearMeUITests.xctest */,
			);
			name = Products;
			sourceTree = "<group>";
		};
		A5A645AF1EA6F4FB00D411E1 /* NearMe */ = {
			isa = PBXGroup;
			children = (
				2A351C5F20741D74002A9ACC /* Users */,
				2AEA81362029013600574261 /* Authentication */,
				2AEA81352029012600574261 /* LocationTracking */,
				2AEA8134202900D100574261 /* Orchestrator */,
				2A89C7302016D7C500C10AF2 /* Utils */,
				A5E4464F1EDF169D00791822 /* ViewControllers */,
				A5E4464E1EDF166400791822 /* AWS Tables */,
				A5E446471ED68A9500791822 /* Model */,
				A5A645B01EA6F4FB00D411E1 /* AppDelegate.swift */,
				A5A645BC1EA6F4FB00D411E1 /* LaunchScreen.storyboard */,
				A566FEE31F0ADFD50060105D /* NearMe.entitlements */,
				A5E4464C1ED7CA6100791822 /* Access.storyboard */,
				A5A645B41EA6F4FB00D411E1 /* Main.storyboard */,
				A5462D771EF0A4A6000970EB /* NearbyTableView.swift */,
				A5A645BA1EA6F4FB00D411E1 /* Assets.xcassets */,
				A5A645BF1EA6F4FB00D411E1 /* Info.plist */,
				A5A645B71EA6F4FB00D411E1 /* NearMe.xcdatamodeld */,
				A5281CC21EAEEBA8003B9489 /* NoSQLModelHelpers.swift */,
				A5281CC01EAEAF3D003B9489 /* NoSqlSampleDataGenerator.swift */,
				A577C3071EF9CF33005D4258 /* legacy */,
			);
			path = NearMe;
			sourceTree = "<group>";
		};
		A5A645C71EA6F4FB00D411E1 /* NearMeTests */ = {
			isa = PBXGroup;
			children = (
				A5A645C81EA6F4FB00D411E1 /* NearMeTests.swift */,
				A5A645CA1EA6F4FB00D411E1 /* Info.plist */,
			);
			path = NearMeTests;
			sourceTree = "<group>";
		};
		A5A645D21EA6F4FB00D411E1 /* NearMeUITests */ = {
			isa = PBXGroup;
			children = (
				A5A645D31EA6F4FB00D411E1 /* NearMeUITests.swift */,
				A5A645D51EA6F4FB00D411E1 /* Info.plist */,
			);
			path = NearMeUITests;
			sourceTree = "<group>";
		};
		A5CAABC81EA95AA500A16E98 /* Frameworks */ = {
			isa = PBXGroup;
			children = (
				A58D4F941EEC7CFA003A9365 /* MobileCoreServices.framework */,
				A5CAABCB1EA95AB700A16E98 /* libz.tbd */,
				A5CAABC91EA95AA500A16E98 /* libsqlite3.tbd */,
				8ED9A6C543A4E92AB8B8EAE5 /* Pods_NearMe.framework */,
				1BCBE980E97A5D8E503C0586 /* Pods_NearMe_NearMe.framework */,
				8E50A159BFDC4030841FC8FA /* Pods_NearMeTests.framework */,
				89385DFBD3E5ACADB49CFA99 /* Pods_NearMeUITests.framework */,
			);
			name = Frameworks;
			sourceTree = "<group>";
		};
		A5E446471ED68A9500791822 /* Model */ = {
			isa = PBXGroup;
			children = (
				A5462D7B1EF0AB3F000970EB /* UserTableViewCell.swift */,
				A5E446481ED7A81300791822 /* User.swift */,
				A5A645E51EA6FADF00D411E1 /* Person.swift */,
				A5A645E91EA724DD00D411E1 /* EmployedPerson.swift */,
				A5A645E71EA720BF00D411E1 /* Student.swift */,
				A5CAABD11EAA7DF000A16E98 /* Locations.swift */,
				A566FEE11F059C390060105D /* Location.swift */,
				A5F0431D1F0E932F00D0BBAD /* googleLocation.swift */,
			);
			name = Model;
			sourceTree = "<group>";
		};
		A5E4464E1EDF166400791822 /* AWS Tables */ = {
			isa = PBXGroup;
			children = (
				A5281CBE1EAE9D76003B9489 /* LocationsTable.swift */,
				A5E446501EDF170200791822 /* GeorgiaTable.swift */,
				A5E446521EDF6ECC00791822 /* AccountsTable.swift */,
			);
			name = "AWS Tables";
			sourceTree = "<group>";
		};
		A5E4464F1EDF169D00791822 /* ViewControllers */ = {
			isa = PBXGroup;
			children = (
				A5462D791EF0A54C000970EB /* NearbyPeopleViewController.swift */,
				2A43C6DD2017F5370082C69C /* ifaddrs.m */,
				2A43C6DC2017F5360082C69C /* NearMe-Bridging-Header.h */,
			);
			name = ViewControllers;
			sourceTree = "<group>";
		};
/* End PBXGroup section */

/* Begin PBXNativeTarget section */
		A5A645AC1EA6F4FB00D411E1 /* NearMe */ = {
			isa = PBXNativeTarget;
			buildConfigurationList = A5A645D81EA6F4FC00D411E1 /* Build configuration list for PBXNativeTarget "NearMe" */;
			buildPhases = (
				0F4CD9F2D5DC8E4749D60AD2 /* [CP] Check Pods Manifest.lock */,
				A5A645A91EA6F4FB00D411E1 /* Sources */,
				A5A645AA1EA6F4FB00D411E1 /* Frameworks */,
				A5A645AB1EA6F4FB00D411E1 /* Resources */,
				96F013F89170EE38581E0333 /* [CP] Embed Pods Frameworks */,
				7941623DE6BD70ECD8C1A263 /* [CP] Copy Pods Resources */,
				A58D4FB91EEE122C003A9365 /* ShellScript */,
				A58D4FDE1EEEF8B6003A9365 /* Embed Frameworks */,
			);
			buildRules = (
			);
			dependencies = (
			);
			name = NearMe;
			productName = NearMe;
			productReference = A5A645AD1EA6F4FB00D411E1 /* NearMe.app */;
			productType = "com.apple.product-type.application";
		};
		A5A645C31EA6F4FB00D411E1 /* NearMeTests */ = {
			isa = PBXNativeTarget;
			buildConfigurationList = A5A645DB1EA6F4FC00D411E1 /* Build configuration list for PBXNativeTarget "NearMeTests" */;
			buildPhases = (
				E2CA4629064EBEB0EB47EA80 /* [CP] Check Pods Manifest.lock */,
				A5A645C01EA6F4FB00D411E1 /* Sources */,
				A5A645C11EA6F4FB00D411E1 /* Frameworks */,
				A5A645C21EA6F4FB00D411E1 /* Resources */,
				9947F9DDBBBE05F85666D088 /* [CP] Embed Pods Frameworks */,
				6EAD495122922AA1A8772E42 /* [CP] Copy Pods Resources */,
			);
			buildRules = (
			);
			dependencies = (
				A5A645C61EA6F4FB00D411E1 /* PBXTargetDependency */,
			);
			name = NearMeTests;
			productName = NearMeTests;
			productReference = A5A645C41EA6F4FB00D411E1 /* NearMeTests.xctest */;
			productType = "com.apple.product-type.bundle.unit-test";
		};
		A5A645CE1EA6F4FB00D411E1 /* NearMeUITests */ = {
			isa = PBXNativeTarget;
			buildConfigurationList = A5A645DE1EA6F4FC00D411E1 /* Build configuration list for PBXNativeTarget "NearMeUITests" */;
			buildPhases = (
				696D62229EB91D9C5FAC5B1D /* [CP] Check Pods Manifest.lock */,
				A5A645CB1EA6F4FB00D411E1 /* Sources */,
				A5A645CC1EA6F4FB00D411E1 /* Frameworks */,
				A5A645CD1EA6F4FB00D411E1 /* Resources */,
				F5A3DD8E5BC66B42A92E1D57 /* [CP] Embed Pods Frameworks */,
				71049E8471FBCB46E4F661CC /* [CP] Copy Pods Resources */,
			);
			buildRules = (
			);
			dependencies = (
				A5A645D11EA6F4FB00D411E1 /* PBXTargetDependency */,
			);
			name = NearMeUITests;
			productName = NearMeUITests;
			productReference = A5A645CF1EA6F4FB00D411E1 /* NearMeUITests.xctest */;
			productType = "com.apple.product-type.bundle.ui-testing";
		};
/* End PBXNativeTarget section */

/* Begin PBXProject section */
		A5A645A51EA6F4FB00D411E1 /* Project object */ = {
			isa = PBXProject;
			attributes = {
				LastSwiftUpdateCheck = 0830;
				LastUpgradeCheck = 0920;
				ORGANIZATIONNAME = "Nathan Nguyen";
				TargetAttributes = {
					A5A645AC1EA6F4FB00D411E1 = {
						CreatedOnToolsVersion = 8.3.1;
						DevelopmentTeam = DP8WZRYLZG;
						LastSwiftMigration = 0920;
						ProvisioningStyle = Automatic;
						SystemCapabilities = {
							com.apple.Push = {
								enabled = 1;
							};
						};
					};
					A5A645C31EA6F4FB00D411E1 = {
						CreatedOnToolsVersion = 8.3.1;
						ProvisioningStyle = Automatic;
						TestTargetID = A5A645AC1EA6F4FB00D411E1;
					};
					A5A645CE1EA6F4FB00D411E1 = {
						CreatedOnToolsVersion = 8.3.1;
						ProvisioningStyle = Automatic;
						TestTargetID = A5A645AC1EA6F4FB00D411E1;
					};
				};
			};
			buildConfigurationList = A5A645A81EA6F4FB00D411E1 /* Build configuration list for PBXProject "NearMe" */;
			compatibilityVersion = "Xcode 3.2";
			developmentRegion = English;
			hasScannedForEncodings = 0;
			knownRegions = (
				en,
				Base,
			);
			mainGroup = A5A645A41EA6F4FB00D411E1;
			productRefGroup = A5A645AE1EA6F4FB00D411E1 /* Products */;
			projectDirPath = "";
			projectRoot = "";
			targets = (
				A5A645AC1EA6F4FB00D411E1 /* NearMe */,
				A5A645C31EA6F4FB00D411E1 /* NearMeTests */,
				A5A645CE1EA6F4FB00D411E1 /* NearMeUITests */,
			);
		};
/* End PBXProject section */

/* Begin PBXResourcesBuildPhase section */
		A5A645AB1EA6F4FB00D411E1 /* Resources */ = {
			isa = PBXResourcesBuildPhase;
			buildActionMask = 2147483647;
			files = (
				A5E4464D1ED7CA6100791822 /* Access.storyboard in Resources */,
				A5A645BE1EA6F4FB00D411E1 /* LaunchScreen.storyboard in Resources */,
				A5A645BB1EA6F4FB00D411E1 /* Assets.xcassets in Resources */,
				A5A645B61EA6F4FB00D411E1 /* Main.storyboard in Resources */,
			);
			runOnlyForDeploymentPostprocessing = 0;
		};
		A5A645C21EA6F4FB00D411E1 /* Resources */ = {
			isa = PBXResourcesBuildPhase;
			buildActionMask = 2147483647;
			files = (
			);
			runOnlyForDeploymentPostprocessing = 0;
		};
		A5A645CD1EA6F4FB00D411E1 /* Resources */ = {
			isa = PBXResourcesBuildPhase;
			buildActionMask = 2147483647;
			files = (
			);
			runOnlyForDeploymentPostprocessing = 0;
		};
/* End PBXResourcesBuildPhase section */

/* Begin PBXShellScriptBuildPhase section */
		0F4CD9F2D5DC8E4749D60AD2 /* [CP] Check Pods Manifest.lock */ = {
			isa = PBXShellScriptBuildPhase;
			buildActionMask = 2147483647;
			files = (
			);
			inputPaths = (
				"${PODS_PODFILE_DIR_PATH}/Podfile.lock",
				"${PODS_ROOT}/Manifest.lock",
			);
			name = "[CP] Check Pods Manifest.lock";
			outputPaths = (
				"$(DERIVED_FILE_DIR)/Pods-NearMe-NearMe-checkManifestLockResult.txt",
			);
			runOnlyForDeploymentPostprocessing = 0;
			shellPath = /bin/sh;
			shellScript = "diff \"${PODS_PODFILE_DIR_PATH}/Podfile.lock\" \"${PODS_ROOT}/Manifest.lock\" > /dev/null\nif [ $? != 0 ] ; then\n    # print error to STDERR\n    echo \"error: The sandbox is not in sync with the Podfile.lock. Run 'pod install' or update your CocoaPods installation.\" >&2\n    exit 1\nfi\n# This output is used by Xcode 'outputs' to avoid re-running this script phase.\necho \"SUCCESS\" > \"${SCRIPT_OUTPUT_FILE_0}\"\n";
			showEnvVarsInLog = 0;
		};
		696D62229EB91D9C5FAC5B1D /* [CP] Check Pods Manifest.lock */ = {
			isa = PBXShellScriptBuildPhase;
			buildActionMask = 2147483647;
			files = (
			);
			inputPaths = (
				"${PODS_PODFILE_DIR_PATH}/Podfile.lock",
				"${PODS_ROOT}/Manifest.lock",
			);
			name = "[CP] Check Pods Manifest.lock";
			outputPaths = (
				"$(DERIVED_FILE_DIR)/Pods-NearMeUITests-checkManifestLockResult.txt",
			);
			runOnlyForDeploymentPostprocessing = 0;
			shellPath = /bin/sh;
			shellScript = "diff \"${PODS_PODFILE_DIR_PATH}/Podfile.lock\" \"${PODS_ROOT}/Manifest.lock\" > /dev/null\nif [ $? != 0 ] ; then\n    # print error to STDERR\n    echo \"error: The sandbox is not in sync with the Podfile.lock. Run 'pod install' or update your CocoaPods installation.\" >&2\n    exit 1\nfi\n# This output is used by Xcode 'outputs' to avoid re-running this script phase.\necho \"SUCCESS\" > \"${SCRIPT_OUTPUT_FILE_0}\"\n";
			showEnvVarsInLog = 0;
		};
		6EAD495122922AA1A8772E42 /* [CP] Copy Pods Resources */ = {
			isa = PBXShellScriptBuildPhase;
			buildActionMask = 2147483647;
			files = (
			);
			inputPaths = (
			);
			name = "[CP] Copy Pods Resources";
			outputPaths = (
			);
			runOnlyForDeploymentPostprocessing = 0;
			shellPath = /bin/sh;
			shellScript = "\"${SRCROOT}/Pods/Target Support Files/Pods-NearMeTests/Pods-NearMeTests-resources.sh\"\n";
			showEnvVarsInLog = 0;
		};
		71049E8471FBCB46E4F661CC /* [CP] Copy Pods Resources */ = {
			isa = PBXShellScriptBuildPhase;
			buildActionMask = 2147483647;
			files = (
			);
			inputPaths = (
			);
			name = "[CP] Copy Pods Resources";
			outputPaths = (
			);
			runOnlyForDeploymentPostprocessing = 0;
			shellPath = /bin/sh;
			shellScript = "\"${SRCROOT}/Pods/Target Support Files/Pods-NearMeUITests/Pods-NearMeUITests-resources.sh\"\n";
			showEnvVarsInLog = 0;
		};
		7941623DE6BD70ECD8C1A263 /* [CP] Copy Pods Resources */ = {
			isa = PBXShellScriptBuildPhase;
			buildActionMask = 2147483647;
			files = (
			);
			inputPaths = (
				"${SRCROOT}/Pods/Target Support Files/Pods-NearMe-NearMe/Pods-NearMe-NearMe-resources.sh",
				"${PODS_ROOT}/GoogleMaps/Maps/Frameworks/GoogleMaps.framework/Resources/GoogleMaps.bundle",
				"${PODS_ROOT}/GooglePlaces/Frameworks/GooglePlaces.framework/Resources/GooglePlaces.bundle",
			);
			name = "[CP] Copy Pods Resources";
			outputPaths = (
				"${TARGET_BUILD_DIR}/${UNLOCALIZED_RESOURCES_FOLDER_PATH}",
			);
			runOnlyForDeploymentPostprocessing = 0;
			shellPath = /bin/sh;
			shellScript = "\"${SRCROOT}/Pods/Target Support Files/Pods-NearMe-NearMe/Pods-NearMe-NearMe-resources.sh\"\n";
			showEnvVarsInLog = 0;
		};
		96F013F89170EE38581E0333 /* [CP] Embed Pods Frameworks */ = {
			isa = PBXShellScriptBuildPhase;
			buildActionMask = 2147483647;
			files = (
			);
			inputPaths = (
				"${SRCROOT}/Pods/Target Support Files/Pods-NearMe-NearMe/Pods-NearMe-NearMe-frameworks.sh",
				"${BUILT_PRODUCTS_DIR}/AWSCognito/AWSCognito.framework",
				"${BUILT_PRODUCTS_DIR}/AWSCognitoIdentityProvider/AWSCognitoIdentityProvider.framework",
				"${BUILT_PRODUCTS_DIR}/AWSCognitoIdentityProviderASF/AWSCognitoIdentityProviderASF.framework",
				"${BUILT_PRODUCTS_DIR}/AWSCore/AWSCore.framework",
				"${BUILT_PRODUCTS_DIR}/AWSDynamoDB/AWSDynamoDB.framework",
				"${BUILT_PRODUCTS_DIR}/AWSEC2/AWSEC2.framework",
				"${BUILT_PRODUCTS_DIR}/AWSMobileAnalytics/AWSMobileAnalytics.framework",
				"${BUILT_PRODUCTS_DIR}/AWSS3/AWSS3.framework",
				"${BUILT_PRODUCTS_DIR}/AWSSES/AWSSES.framework",
				"${BUILT_PRODUCTS_DIR}/AWSSimpleDB/AWSSimpleDB.framework",
				"${BUILT_PRODUCTS_DIR}/Alamofire/Alamofire.framework",
				"${BUILT_PRODUCTS_DIR}/AlamofireSwiftyJSON/AlamofireSwiftyJSON.framework",
				"${BUILT_PRODUCTS_DIR}/Bolts/Bolts.framework",
				"${BUILT_PRODUCTS_DIR}/FBSDKCoreKit/FBSDKCoreKit.framework",
				"${BUILT_PRODUCTS_DIR}/FBSDKLoginKit/FBSDKLoginKit.framework",
				"${BUILT_PRODUCTS_DIR}/FacebookCore/FacebookCore.framework",
				"${BUILT_PRODUCTS_DIR}/FacebookLogin/FacebookLogin.framework",
				"${BUILT_PRODUCTS_DIR}/SwiftyJSON/SwiftyJSON.framework",
			);
			name = "[CP] Embed Pods Frameworks";
			outputPaths = (
				"${TARGET_BUILD_DIR}/${FRAMEWORKS_FOLDER_PATH}/AWSCognito.framework",
				"${TARGET_BUILD_DIR}/${FRAMEWORKS_FOLDER_PATH}/AWSCognitoIdentityProvider.framework",
				"${TARGET_BUILD_DIR}/${FRAMEWORKS_FOLDER_PATH}/AWSCognitoIdentityProviderASF.framework",
				"${TARGET_BUILD_DIR}/${FRAMEWORKS_FOLDER_PATH}/AWSCore.framework",
				"${TARGET_BUILD_DIR}/${FRAMEWORKS_FOLDER_PATH}/AWSDynamoDB.framework",
				"${TARGET_BUILD_DIR}/${FRAMEWORKS_FOLDER_PATH}/AWSEC2.framework",
				"${TARGET_BUILD_DIR}/${FRAMEWORKS_FOLDER_PATH}/AWSMobileAnalytics.framework",
				"${TARGET_BUILD_DIR}/${FRAMEWORKS_FOLDER_PATH}/AWSS3.framework",
				"${TARGET_BUILD_DIR}/${FRAMEWORKS_FOLDER_PATH}/AWSSES.framework",
				"${TARGET_BUILD_DIR}/${FRAMEWORKS_FOLDER_PATH}/AWSSimpleDB.framework",
				"${TARGET_BUILD_DIR}/${FRAMEWORKS_FOLDER_PATH}/Alamofire.framework",
				"${TARGET_BUILD_DIR}/${FRAMEWORKS_FOLDER_PATH}/AlamofireSwiftyJSON.framework",
				"${TARGET_BUILD_DIR}/${FRAMEWORKS_FOLDER_PATH}/Bolts.framework",
				"${TARGET_BUILD_DIR}/${FRAMEWORKS_FOLDER_PATH}/FBSDKCoreKit.framework",
				"${TARGET_BUILD_DIR}/${FRAMEWORKS_FOLDER_PATH}/FBSDKLoginKit.framework",
				"${TARGET_BUILD_DIR}/${FRAMEWORKS_FOLDER_PATH}/FacebookCore.framework",
				"${TARGET_BUILD_DIR}/${FRAMEWORKS_FOLDER_PATH}/FacebookLogin.framework",
				"${TARGET_BUILD_DIR}/${FRAMEWORKS_FOLDER_PATH}/SwiftyJSON.framework",
			);
			runOnlyForDeploymentPostprocessing = 0;
			shellPath = /bin/sh;
			shellScript = "\"${SRCROOT}/Pods/Target Support Files/Pods-NearMe-NearMe/Pods-NearMe-NearMe-frameworks.sh\"\n";
			showEnvVarsInLog = 0;
		};
		9947F9DDBBBE05F85666D088 /* [CP] Embed Pods Frameworks */ = {
			isa = PBXShellScriptBuildPhase;
			buildActionMask = 2147483647;
			files = (
			);
			inputPaths = (
			);
			name = "[CP] Embed Pods Frameworks";
			outputPaths = (
			);
			runOnlyForDeploymentPostprocessing = 0;
			shellPath = /bin/sh;
			shellScript = "\"${SRCROOT}/Pods/Target Support Files/Pods-NearMeTests/Pods-NearMeTests-frameworks.sh\"\n";
			showEnvVarsInLog = 0;
		};
		A58D4FB91EEE122C003A9365 /* ShellScript */ = {
			isa = PBXShellScriptBuildPhase;
			buildActionMask = 2147483647;
			files = (
			);
			inputPaths = (
			);
			outputPaths = (
			);
			runOnlyForDeploymentPostprocessing = 0;
			shellPath = /bin/sh;
			shellScript = "";
		};
		E2CA4629064EBEB0EB47EA80 /* [CP] Check Pods Manifest.lock */ = {
			isa = PBXShellScriptBuildPhase;
			buildActionMask = 2147483647;
			files = (
			);
			inputPaths = (
				"${PODS_PODFILE_DIR_PATH}/Podfile.lock",
				"${PODS_ROOT}/Manifest.lock",
			);
			name = "[CP] Check Pods Manifest.lock";
			outputPaths = (
				"$(DERIVED_FILE_DIR)/Pods-NearMeTests-checkManifestLockResult.txt",
			);
			runOnlyForDeploymentPostprocessing = 0;
			shellPath = /bin/sh;
			shellScript = "diff \"${PODS_PODFILE_DIR_PATH}/Podfile.lock\" \"${PODS_ROOT}/Manifest.lock\" > /dev/null\nif [ $? != 0 ] ; then\n    # print error to STDERR\n    echo \"error: The sandbox is not in sync with the Podfile.lock. Run 'pod install' or update your CocoaPods installation.\" >&2\n    exit 1\nfi\n# This output is used by Xcode 'outputs' to avoid re-running this script phase.\necho \"SUCCESS\" > \"${SCRIPT_OUTPUT_FILE_0}\"\n";
			showEnvVarsInLog = 0;
		};
		F5A3DD8E5BC66B42A92E1D57 /* [CP] Embed Pods Frameworks */ = {
			isa = PBXShellScriptBuildPhase;
			buildActionMask = 2147483647;
			files = (
			);
			inputPaths = (
			);
			name = "[CP] Embed Pods Frameworks";
			outputPaths = (
			);
			runOnlyForDeploymentPostprocessing = 0;
			shellPath = /bin/sh;
			shellScript = "\"${SRCROOT}/Pods/Target Support Files/Pods-NearMeUITests/Pods-NearMeUITests-frameworks.sh\"\n";
			showEnvVarsInLog = 0;
		};
/* End PBXShellScriptBuildPhase section */

/* Begin PBXSourcesBuildPhase section */
		A5A645A91EA6F4FB00D411E1 /* Sources */ = {
			isa = PBXSourcesBuildPhase;
			buildActionMask = 2147483647;
			files = (
				A5E446461ED68A8A00791822 /* LoginViewController.swift in Sources */,
				A5281CC31EAEEBA8003B9489 /* NoSQLModelHelpers.swift in Sources */,
				2A27D5921FCFEAE200331A63 /* UserProfileViewController.swift in Sources */,
				A5A645E61EA6FADF00D411E1 /* Person.swift in Sources */,
				A5A645EA1EA724DD00D411E1 /* EmployedPerson.swift in Sources */,
				A5462D781EF0A4A6000970EB /* NearbyTableView.swift in Sources */,
				A5E446531EDF6ECC00791822 /* AccountsTable.swift in Sources */,
				2A43C6E02017F6450082C69C /* Util.swift in Sources */,
				A5E446491ED7A81300791822 /* User.swift in Sources */,
				A5A645E81EA720BF00D411E1 /* Student.swift in Sources */,
				A5F0431E1F0E932F00D0BBAD /* googleLocation.swift in Sources */,
				A5E4464B1ED7BA9200791822 /* SignupViewController.swift in Sources */,
				2A43C6DE2017F5370082C69C /* ifaddrs.m in Sources */,
				A5462D7C1EF0AB3F000970EB /* UserTableViewCell.swift in Sources */,
				A5A645B11EA6F4FB00D411E1 /* AppDelegate.swift in Sources */,
				2A6934CE20732146009CBCB4 /* ProfileViewController.swift in Sources */,
				2A89C7322016D7D500C10AF2 /* Constants.swift in Sources */,
				A566FEE21F059C390060105D /* Location.swift in Sources */,
				2A37F9E72026CFDE00CF79E4 /* MainTabBarController.swift in Sources */,
				2A6934D02073219B009CBCB4 /* FriendProfileViewController.swift in Sources */,
				A5A645E41EA6F9CE00D411E1 /* PeopleTableViewController.swift in Sources */,
				A5CAABD21EAA7DF000A16E98 /* Locations.swift in Sources */,
				A5462D761EF0A0ED000970EB /* NearbyLocationsViewController.swift in Sources */,
				A5281CC11EAEAF3D003B9489 /* NoSqlSampleDataGenerator.swift in Sources */,
				A5A645B91EA6F4FB00D411E1 /* NearMe.xcdatamodeld in Sources */,
				A5462D7A1EF0A54C000970EB /* NearbyPeopleViewController.swift in Sources */,
			);
			runOnlyForDeploymentPostprocessing = 0;
		};
		A5A645C01EA6F4FB00D411E1 /* Sources */ = {
			isa = PBXSourcesBuildPhase;
			buildActionMask = 2147483647;
			files = (
				A5A645C91EA6F4FB00D411E1 /* NearMeTests.swift in Sources */,
			);
			runOnlyForDeploymentPostprocessing = 0;
		};
		A5A645CB1EA6F4FB00D411E1 /* Sources */ = {
			isa = PBXSourcesBuildPhase;
			buildActionMask = 2147483647;
			files = (
				A5A645D41EA6F4FB00D411E1 /* NearMeUITests.swift in Sources */,
			);
			runOnlyForDeploymentPostprocessing = 0;
		};
/* End PBXSourcesBuildPhase section */

/* Begin PBXTargetDependency section */
		A5A645C61EA6F4FB00D411E1 /* PBXTargetDependency */ = {
			isa = PBXTargetDependency;
			target = A5A645AC1EA6F4FB00D411E1 /* NearMe */;
			targetProxy = A5A645C51EA6F4FB00D411E1 /* PBXContainerItemProxy */;
		};
		A5A645D11EA6F4FB00D411E1 /* PBXTargetDependency */ = {
			isa = PBXTargetDependency;
			target = A5A645AC1EA6F4FB00D411E1 /* NearMe */;
			targetProxy = A5A645D01EA6F4FB00D411E1 /* PBXContainerItemProxy */;
		};
/* End PBXTargetDependency section */

/* Begin PBXVariantGroup section */
		A5A645B41EA6F4FB00D411E1 /* Main.storyboard */ = {
			isa = PBXVariantGroup;
			children = (
				A5A645B51EA6F4FB00D411E1 /* Base */,
			);
			name = Main.storyboard;
			sourceTree = "<group>";
		};
		A5A645BC1EA6F4FB00D411E1 /* LaunchScreen.storyboard */ = {
			isa = PBXVariantGroup;
			children = (
				A5A645BD1EA6F4FB00D411E1 /* Base */,
			);
			name = LaunchScreen.storyboard;
			sourceTree = "<group>";
		};
/* End PBXVariantGroup section */

/* Begin XCBuildConfiguration section */
		A5A645D61EA6F4FB00D411E1 /* Debug */ = {
			isa = XCBuildConfiguration;
			buildSettings = {
				ALWAYS_SEARCH_USER_PATHS = NO;
				CLANG_ANALYZER_NONNULL = YES;
				CLANG_ANALYZER_NUMBER_OBJECT_CONVERSION = YES_AGGRESSIVE;
				CLANG_CXX_LANGUAGE_STANDARD = "gnu++0x";
				CLANG_CXX_LIBRARY = "libc++";
				CLANG_ENABLE_MODULES = YES;
				CLANG_ENABLE_OBJC_ARC = YES;
				CLANG_WARN_BLOCK_CAPTURE_AUTORELEASING = YES;
				CLANG_WARN_BOOL_CONVERSION = YES;
				CLANG_WARN_COMMA = YES;
				CLANG_WARN_CONSTANT_CONVERSION = YES;
				CLANG_WARN_DIRECT_OBJC_ISA_USAGE = YES_ERROR;
				CLANG_WARN_DOCUMENTATION_COMMENTS = YES;
				CLANG_WARN_EMPTY_BODY = YES;
				CLANG_WARN_ENUM_CONVERSION = YES;
				CLANG_WARN_INFINITE_RECURSION = YES;
				CLANG_WARN_INT_CONVERSION = YES;
				CLANG_WARN_NON_LITERAL_NULL_CONVERSION = YES;
				CLANG_WARN_OBJC_LITERAL_CONVERSION = YES;
				CLANG_WARN_OBJC_ROOT_CLASS = YES_ERROR;
				CLANG_WARN_RANGE_LOOP_ANALYSIS = YES;
				CLANG_WARN_STRICT_PROTOTYPES = YES;
				CLANG_WARN_SUSPICIOUS_MOVE = YES;
				CLANG_WARN_UNREACHABLE_CODE = YES;
				CLANG_WARN__DUPLICATE_METHOD_MATCH = YES;
				"CODE_SIGN_IDENTITY[sdk=iphoneos*]" = "iPhone Developer";
				COPY_PHASE_STRIP = NO;
				DEBUG_INFORMATION_FORMAT = dwarf;
				ENABLE_STRICT_OBJC_MSGSEND = YES;
				ENABLE_TESTABILITY = YES;
				GCC_C_LANGUAGE_STANDARD = gnu99;
				GCC_DYNAMIC_NO_PIC = NO;
				GCC_NO_COMMON_BLOCKS = YES;
				GCC_OPTIMIZATION_LEVEL = 0;
				GCC_PREPROCESSOR_DEFINITIONS = (
					"DEBUG=1",
					"$(inherited)",
				);
				GCC_WARN_64_TO_32_BIT_CONVERSION = YES;
				GCC_WARN_ABOUT_RETURN_TYPE = YES_ERROR;
				GCC_WARN_UNDECLARED_SELECTOR = YES;
				GCC_WARN_UNINITIALIZED_AUTOS = YES_AGGRESSIVE;
				GCC_WARN_UNUSED_FUNCTION = YES;
				GCC_WARN_UNUSED_VARIABLE = YES;
				IPHONEOS_DEPLOYMENT_TARGET = 10.3;
				MTL_ENABLE_DEBUG_INFO = YES;
				ONLY_ACTIVE_ARCH = YES;
				SDKROOT = iphoneos;
				SWIFT_ACTIVE_COMPILATION_CONDITIONS = DEBUG;
				SWIFT_OPTIMIZATION_LEVEL = "-Onone";
				TARGETED_DEVICE_FAMILY = "1,2";
			};
			name = Debug;
		};
		A5A645D71EA6F4FB00D411E1 /* Release */ = {
			isa = XCBuildConfiguration;
			buildSettings = {
				ALWAYS_SEARCH_USER_PATHS = NO;
				CLANG_ANALYZER_NONNULL = YES;
				CLANG_ANALYZER_NUMBER_OBJECT_CONVERSION = YES_AGGRESSIVE;
				CLANG_CXX_LANGUAGE_STANDARD = "gnu++0x";
				CLANG_CXX_LIBRARY = "libc++";
				CLANG_ENABLE_MODULES = YES;
				CLANG_ENABLE_OBJC_ARC = YES;
				CLANG_WARN_BLOCK_CAPTURE_AUTORELEASING = YES;
				CLANG_WARN_BOOL_CONVERSION = YES;
				CLANG_WARN_COMMA = YES;
				CLANG_WARN_CONSTANT_CONVERSION = YES;
				CLANG_WARN_DIRECT_OBJC_ISA_USAGE = YES_ERROR;
				CLANG_WARN_DOCUMENTATION_COMMENTS = YES;
				CLANG_WARN_EMPTY_BODY = YES;
				CLANG_WARN_ENUM_CONVERSION = YES;
				CLANG_WARN_INFINITE_RECURSION = YES;
				CLANG_WARN_INT_CONVERSION = YES;
				CLANG_WARN_NON_LITERAL_NULL_CONVERSION = YES;
				CLANG_WARN_OBJC_LITERAL_CONVERSION = YES;
				CLANG_WARN_OBJC_ROOT_CLASS = YES_ERROR;
				CLANG_WARN_RANGE_LOOP_ANALYSIS = YES;
				CLANG_WARN_STRICT_PROTOTYPES = YES;
				CLANG_WARN_SUSPICIOUS_MOVE = YES;
				CLANG_WARN_UNREACHABLE_CODE = YES;
				CLANG_WARN__DUPLICATE_METHOD_MATCH = YES;
				"CODE_SIGN_IDENTITY[sdk=iphoneos*]" = "iPhone Developer";
				COPY_PHASE_STRIP = NO;
				DEBUG_INFORMATION_FORMAT = "dwarf-with-dsym";
				ENABLE_NS_ASSERTIONS = NO;
				ENABLE_STRICT_OBJC_MSGSEND = YES;
				GCC_C_LANGUAGE_STANDARD = gnu99;
				GCC_NO_COMMON_BLOCKS = YES;
				GCC_WARN_64_TO_32_BIT_CONVERSION = YES;
				GCC_WARN_ABOUT_RETURN_TYPE = YES_ERROR;
				GCC_WARN_UNDECLARED_SELECTOR = YES;
				GCC_WARN_UNINITIALIZED_AUTOS = YES_AGGRESSIVE;
				GCC_WARN_UNUSED_FUNCTION = YES;
				GCC_WARN_UNUSED_VARIABLE = YES;
				IPHONEOS_DEPLOYMENT_TARGET = 10.3;
				MTL_ENABLE_DEBUG_INFO = NO;
				SDKROOT = iphoneos;
				SWIFT_OPTIMIZATION_LEVEL = "-Owholemodule";
				TARGETED_DEVICE_FAMILY = "1,2";
				VALIDATE_PRODUCT = YES;
			};
			name = Release;
		};
		A5A645D91EA6F4FC00D411E1 /* Debug */ = {
			isa = XCBuildConfiguration;
			baseConfigurationReference = 151C842C815E077C5DA13581 /* Pods-NearMe-NearMe.debug.xcconfig */;
			buildSettings = {
				ASSETCATALOG_COMPILER_APPICON_NAME = AppIcon;
				CLANG_ENABLE_MODULES = YES;
				CODE_SIGN_ENTITLEMENTS = NearMe/NearMe.entitlements;
				DEVELOPMENT_TEAM = DP8WZRYLZG;
				ENABLE_BITCODE = YES;
				FRAMEWORK_SEARCH_PATHS = (
					"$(inherited)",
					"\"$PODS_CONFIGURATION_BUILD_DIR/AWSCognitoIdentityProvider\"",
					"\"$PODS_CONFIGURATION_BUILD_DIR/AWSCore\"",
					"\"$PODS_CONFIGURATION_BUILD_DIR/AWSDynamoDB\"",
					"\"$PODS_CONFIGURATION_BUILD_DIR/AWSEC2\"",
					"\"$PODS_CONFIGURATION_BUILD_DIR/AWSMobileAnalytics\"",
					"\"$PODS_CONFIGURATION_BUILD_DIR/AWSPinpoint\"",
					"\"$PODS_CONFIGURATION_BUILD_DIR/AWSS3\"",
					"\"$PODS_CONFIGURATION_BUILD_DIR/AWSSES\"",
					"\"$PODS_CONFIGURATION_BUILD_DIR/AWSSNS\"",
					"\"$PODS_CONFIGURATION_BUILD_DIR/AWSSQS\"",
					"\"$PODS_CONFIGURATION_BUILD_DIR/AWSSimpleDB\"",
					"$(SRCROOT)/**",
					"$(PROJECT_DIR)/Sdk/Aws",
				);
				INFOPLIST_FILE = NearMe/Info.plist;
				LD_RUNPATH_SEARCH_PATHS = "$(inherited) @executable_path/Frameworks";
				OTHER_LDFLAGS = (
					"$(inherited)",
					"-ObjC",
					"-framework",
					"\"AWSCognito\"",
					"-framework",
					"\"AWSCognitoIdentityProvider\"",
					"-framework",
					"\"AWSCore\"",
					"-framework",
					"\"AWSDynamoDB\"",
					"-framework",
					"\"AWSMobileAnalytics\"",
					"-framework",
					"\"AWSS3\"",
					"-framework",
					"\"AWSSES\"",
					"-framework",
					"\"AWSSimpleDB\"",
				);
				PRODUCT_BUNDLE_IDENTIFIER = com.crystal.NearMe;
				PRODUCT_NAME = "$(TARGET_NAME)";
				SWIFT_OBJC_BRIDGING_HEADER = "NearMe/NearMe-Bridging-Header.h";
				SWIFT_OPTIMIZATION_LEVEL = "-Onone";
				SWIFT_VERSION = 3.0;
			};
			name = Debug;
		};
		A5A645DA1EA6F4FC00D411E1 /* Release */ = {
			isa = XCBuildConfiguration;
			baseConfigurationReference = 25F11A12CBAC0E7A7F26C7F6 /* Pods-NearMe-NearMe.release.xcconfig */;
			buildSettings = {
				ASSETCATALOG_COMPILER_APPICON_NAME = AppIcon;
				CLANG_ENABLE_MODULES = YES;
				CODE_SIGN_ENTITLEMENTS = NearMe/NearMe.entitlements;
				DEVELOPMENT_TEAM = DP8WZRYLZG;
				ENABLE_BITCODE = YES;
				FRAMEWORK_SEARCH_PATHS = (
					"$(inherited)",
					"$(PROJECT_DIR)/Sdk/Aws",
				);
				INFOPLIST_FILE = NearMe/Info.plist;
				LD_RUNPATH_SEARCH_PATHS = "$(inherited) @executable_path/Frameworks";
				OTHER_LDFLAGS = (
					"$(inherited)",
					"-ObjC",
					"-framework",
					"\"AWSCognito\"",
					"-framework",
					"\"AWSCognitoIdentityProvider\"",
					"-framework",
					"\"AWSCore\"",
					"-framework",
					"\"AWSDynamoDB\"",
					"-framework",
					"\"AWSMobileAnalytics\"",
					"-framework",
					"\"AWSS3\"",
					"-framework",
					"\"AWSSES\"",
					"-framework",
					"\"AWSSimpleDB\"",
				);
				PRODUCT_BUNDLE_IDENTIFIER = com.crystal.NearMe;
				PRODUCT_NAME = "$(TARGET_NAME)";
				SWIFT_OBJC_BRIDGING_HEADER = "NearMe/NearMe-Bridging-Header.h";
				SWIFT_VERSION = 3.0;
			};
			name = Release;
		};
		A5A645DC1EA6F4FC00D411E1 /* Debug */ = {
			isa = XCBuildConfiguration;
			baseConfigurationReference = B4E065AB22BA44167177A62E /* Pods-NearMeTests.debug.xcconfig */;
			buildSettings = {
				ALWAYS_EMBED_SWIFT_STANDARD_LIBRARIES = YES;
				BUNDLE_LOADER = "$(TEST_HOST)";
				INFOPLIST_FILE = NearMeTests/Info.plist;
				LD_RUNPATH_SEARCH_PATHS = "$(inherited) @executable_path/Frameworks @loader_path/Frameworks";
				PRODUCT_BUNDLE_IDENTIFIER = crystal.NearMeTests;
				PRODUCT_NAME = "$(TARGET_NAME)";
				SWIFT_VERSION = 3.0;
				TEST_HOST = "$(BUILT_PRODUCTS_DIR)/NearMe.app/NearMe";
			};
			name = Debug;
		};
		A5A645DD1EA6F4FC00D411E1 /* Release */ = {
			isa = XCBuildConfiguration;
			baseConfigurationReference = BDD40AEF01C44B856CF0D421 /* Pods-NearMeTests.release.xcconfig */;
			buildSettings = {
				ALWAYS_EMBED_SWIFT_STANDARD_LIBRARIES = YES;
				BUNDLE_LOADER = "$(TEST_HOST)";
				INFOPLIST_FILE = NearMeTests/Info.plist;
				LD_RUNPATH_SEARCH_PATHS = "$(inherited) @executable_path/Frameworks @loader_path/Frameworks";
				PRODUCT_BUNDLE_IDENTIFIER = crystal.NearMeTests;
				PRODUCT_NAME = "$(TARGET_NAME)";
				SWIFT_VERSION = 3.0;
				TEST_HOST = "$(BUILT_PRODUCTS_DIR)/NearMe.app/NearMe";
			};
			name = Release;
		};
		A5A645DF1EA6F4FC00D411E1 /* Debug */ = {
			isa = XCBuildConfiguration;
			baseConfigurationReference = A5BCE97EECA2A21F7B9A65FC /* Pods-NearMeUITests.debug.xcconfig */;
			buildSettings = {
				ALWAYS_EMBED_SWIFT_STANDARD_LIBRARIES = YES;
				INFOPLIST_FILE = NearMeUITests/Info.plist;
				LD_RUNPATH_SEARCH_PATHS = "$(inherited) @executable_path/Frameworks @loader_path/Frameworks";
				PRODUCT_BUNDLE_IDENTIFIER = crystal.NearMeUITests;
				PRODUCT_NAME = "$(TARGET_NAME)";
				SWIFT_VERSION = 3.0;
				TEST_TARGET_NAME = NearMe;
			};
			name = Debug;
		};
		A5A645E01EA6F4FC00D411E1 /* Release */ = {
			isa = XCBuildConfiguration;
			baseConfigurationReference = 76F2B9DC5B976E8CE124491E /* Pods-NearMeUITests.release.xcconfig */;
			buildSettings = {
				ALWAYS_EMBED_SWIFT_STANDARD_LIBRARIES = YES;
				INFOPLIST_FILE = NearMeUITests/Info.plist;
				LD_RUNPATH_SEARCH_PATHS = "$(inherited) @executable_path/Frameworks @loader_path/Frameworks";
				PRODUCT_BUNDLE_IDENTIFIER = crystal.NearMeUITests;
				PRODUCT_NAME = "$(TARGET_NAME)";
				SWIFT_VERSION = 3.0;
				TEST_TARGET_NAME = NearMe;
			};
			name = Release;
		};
/* End XCBuildConfiguration section */

/* Begin XCConfigurationList section */
		A5A645A81EA6F4FB00D411E1 /* Build configuration list for PBXProject "NearMe" */ = {
			isa = XCConfigurationList;
			buildConfigurations = (
				A5A645D61EA6F4FB00D411E1 /* Debug */,
				A5A645D71EA6F4FB00D411E1 /* Release */,
			);
			defaultConfigurationIsVisible = 0;
			defaultConfigurationName = Release;
		};
		A5A645D81EA6F4FC00D411E1 /* Build configuration list for PBXNativeTarget "NearMe" */ = {
			isa = XCConfigurationList;
			buildConfigurations = (
				A5A645D91EA6F4FC00D411E1 /* Debug */,
				A5A645DA1EA6F4FC00D411E1 /* Release */,
			);
			defaultConfigurationIsVisible = 0;
			defaultConfigurationName = Release;
		};
		A5A645DB1EA6F4FC00D411E1 /* Build configuration list for PBXNativeTarget "NearMeTests" */ = {
			isa = XCConfigurationList;
			buildConfigurations = (
				A5A645DC1EA6F4FC00D411E1 /* Debug */,
				A5A645DD1EA6F4FC00D411E1 /* Release */,
			);
			defaultConfigurationIsVisible = 0;
			defaultConfigurationName = Release;
		};
		A5A645DE1EA6F4FC00D411E1 /* Build configuration list for PBXNativeTarget "NearMeUITests" */ = {
			isa = XCConfigurationList;
			buildConfigurations = (
				A5A645DF1EA6F4FC00D411E1 /* Debug */,
				A5A645E01EA6F4FC00D411E1 /* Release */,
			);
			defaultConfigurationIsVisible = 0;
			defaultConfigurationName = Release;
		};
/* End XCConfigurationList section */

/* Begin XCVersionGroup section */
		A5A645B71EA6F4FB00D411E1 /* NearMe.xcdatamodeld */ = {
			isa = XCVersionGroup;
			children = (
				A5A645B81EA6F4FB00D411E1 /* NearMe.xcdatamodel */,
			);
			currentVersion = A5A645B81EA6F4FB00D411E1 /* NearMe.xcdatamodel */;
			path = NearMe.xcdatamodeld;
			sourceTree = "<group>";
			versionGroupType = wrapper.xcdatamodel;
		};
/* End XCVersionGroup section */
	};
	rootObject = A5A645A51EA6F4FB00D411E1 /* Project object */;
}
