PODS:
  - Alamofire (4.8.2)
  - AlamofireSwiftyJSON (1.0.2):
    - Alamofire (~> 4.0)
    - SwiftyJSON (~> 4.0)
  - AWSCognito (2.9.4):
    - AWSCore (= 2.9.4)
  - AWSCognitoIdentityProvider (2.9.4):
    - AWSCognitoIdentityProviderASF (= 1.0.1)
    - AWSCore (= 2.9.4)
  - AWSCognitoIdentityProviderASF (1.0.1)
  - AWSCore (2.9.4)
  - AWSDynamoDB (2.9.4):
    - AWSCore (= 2.9.4)
  - AWSEC2 (2.9.4):
    - AWSCore (= 2.9.4)
  - AWSMobileAnalytics (2.9.4):
    - AWSCore (= 2.9.4)
  - AWSS3 (2.9.4):
    - AWSCore (= 2.9.4)
  - AWSSES (2.9.4):
    - AWSCore (= 2.9.4)
  - AWSSimpleDB (2.9.4):
    - AWSCore (= 2.9.4)
  - Bolts (1.9.0):
    - Bolts/AppLinks (= 1.9.0)
    - Bolts/Tasks (= 1.9.0)
  - Bolts/AppLinks (1.9.0):
    - Bolts/Tasks
  - Bolts/Tasks (1.9.0)
  - FacebookCore (0.6.0):
    - Bolts (~> 1.9)
    - FBSDKCoreKit (~> 4.43)
  - FacebookLogin (0.6.0):
    - Bolts (~> 1.9)
    - FacebookCore (~> 0.5)
    - FBSDKCoreKit (~> 4.43)
    - FBSDKLoginKit (~> 4.43)
  - FBSDKCoreKit (4.44.0):
    - Bolts (~> 1.9)
  - FBSDKLoginKit (4.44.0):
    - FBSDKCoreKit
  - GoogleMaps (3.0.3):
    - GoogleMaps/Maps (= 3.0.3)
  - GoogleMaps/Base (3.0.3)
  - GoogleMaps/Maps (3.0.3):
    - GoogleMaps/Base
  - GooglePlaces (3.0.3):
    - GoogleMaps/Base (= 3.0.3)
  - Socket.IO-Client-Swift (14.0.0):
    - Starscream (~> 3.0.6)
  - Starscream (3.0.6)
  - SwiftLint (0.31.0)
  - SwiftyJSON (4.3.0)

DEPENDENCIES:
  - Alamofire
  - AlamofireSwiftyJSON
  - AWSCognito
  - AWSCognitoIdentityProvider
  - AWSDynamoDB
  - AWSEC2
  - AWSMobileAnalytics
  - AWSS3
  - AWSSES
  - AWSSimpleDB
  - Bolts
  - FacebookCore
  - FacebookLogin
  - GoogleMaps
  - GooglePlaces
  - Socket.IO-Client-Swift
  - Starscream (~> 3.0.2)
  - SwiftLint

SPEC REPOS:
  https://github.com/cocoapods/specs.git:
    - Alamofire
    - AlamofireSwiftyJSON
    - AWSCognito
    - AWSCognitoIdentityProvider
    - AWSCognitoIdentityProviderASF
    - AWSCore
    - AWSDynamoDB
    - AWSEC2
    - AWSMobileAnalytics
    - AWSS3
    - AWSSES
    - AWSSimpleDB
    - Bolts
    - FacebookCore
    - FacebookLogin
    - FBSDKCoreKit
    - FBSDKLoginKit
    - GoogleMaps
    - GooglePlaces
    - Socket.IO-Client-Swift
    - Starscream
    - SwiftLint
    - SwiftyJSON

SPEC CHECKSUMS:
  Alamofire: ae5c501addb7afdbb13687d7f2f722c78734c2d3
  AlamofireSwiftyJSON: 74ee3804bed06d07857daf1eeb1615c85dba3997
  AWSCognito: cc1bcbea1383e54764e67688a04af5895cf78625
  AWSCognitoIdentityProvider: b90896ca0b8f3963a1b698f458ff441f21d26142
  AWSCognitoIdentityProviderASF: f94f1a502e72ef3d0a1de93e10bf7a79c8698118
  AWSCore: 8539eaa1d687d50b6b127db5cb600e4c6b37cd4e
  AWSDynamoDB: a358ce37ba0b22bacdf875da60020cf3439a95f3
  AWSEC2: 5420df7df596a09c475b84448bc8670f61ad84f5
  AWSMobileAnalytics: e822f66120a4f054cd499286a4f9d395313e0f00
  AWSS3: fe1b6c1880dde60c33e6c1afcf23c3a805c99a49
  AWSSES: a6c1c05f1fb9a0038fad012a6563c79fc2eb1cc1
  AWSSimpleDB: d5d07f8eba78455a38abb95b02b3dfa0a6133413
  Bolts: ac6567323eac61e203f6a9763667d0f711be34c8
  FacebookCore: 38cd3a4078738d6f648eb9b6b9d35b02d693e9a1
  FacebookLogin: 658b0569961a081a0890f5f4dbf69ced00657d9e
  FBSDKCoreKit: 8bcd4503afe43f28823c2175a6142a7f50f1bf28
  FBSDKLoginKit: 93c5a407ab1a6a17b1b38cff57e89991f714d878
  GoogleMaps: fd5c9fa58871781b9fb94d4936f19c69fe60ce32
  GooglePlaces: f09e76993c9c3ee4af8f4f7f535bb94d6aa3b649
  Socket.IO-Client-Swift: 21e6a8a23a7d367d5ddfab6cbbd3c679cf3c25d6
  Starscream: ef3ece99d765eeccb67de105bfa143f929026cf5
  SwiftLint: 7a0227733d786395817373b2d0ca799fd0093ff3
  SwiftyJSON: 6faa0040f8b59dead0ee07436cbf76b73c08fd08

PODFILE CHECKSUM: 60b791a36d5293b4880124eae738d9eddf335d10

COCOAPODS: 1.7.0.beta.3
