PODS:
  - AWSCognito (2.5.8):
    - AWSCore (= 2.5.8)
  - AWSCognitoIdentityProvider (2.5.8):
    - AWSCore (= 2.5.8)
  - AWSCore (2.5.8)
  - AWSDynamoDB (2.5.8):
    - AWSCore (= 2.5.8)
  - AWSEC2 (2.5.8):
    - AWSCore (= 2.5.8)
  - AWSMobileAnalytics (2.5.8):
    - AWSCore (= 2.5.8)
  - AWSS3 (2.5.8):
    - AWSCore (= 2.5.8)
  - AWSSES (2.5.8):
    - AWSCore (= 2.5.8)
  - AWSSimpleDB (2.5.8):
    - AWSCore (= 2.5.8)
  - Bolts (1.8.4):
    - Bolts/AppLinks (= 1.8.4)
    - Bolts/Tasks (= 1.8.4)
  - Bolts/AppLinks (1.8.4):
    - Bolts/Tasks
  - Bolts/Tasks (1.8.4)
  - FacebookCore (0.2.0):
    - Bolts (~> 1.8)
    - FBSDKCoreKit (~> 4.15)
  - FacebookLogin (0.2.0):
    - Bolts (~> 1.8)
    - FacebookCore (~> 0.2)
    - FBSDKCoreKit (~> 4.15)
    - FBSDKLoginKit (~> 4.15)
  - FBSDKCoreKit (4.24.0):
    - Bolts (~> 1.7)
  - FBSDKLoginKit (4.24.0):
    - FBSDKCoreKit

DEPENDENCIES:
  - AWSCognito
  - AWSCognitoIdentityProvider
  - AWSDynamoDB
  - AWSEC2
  - AWSMobileAnalytics
  - AWSS3
  - AWSSES
  - AWSSimpleDB
  - FacebookCore
  - FacebookLogin

SPEC CHECKSUMS:
  AWSCognito: 8eb74039f4dc5f2d929999c4f531eeb4bd83e6cb
  AWSCognitoIdentityProvider: 6c0c276a16b622914563350c64d723bcecaa9e75
  AWSCore: cf101c44d2cc5da32abc27d5529cddc63c010415
  AWSDynamoDB: 53ead656801e1a40b415fc0bebd85f1dc0dc0ead
  AWSEC2: d2817357186d4cc18c23ec0b9deb136bfea88b3a
  AWSMobileAnalytics: d0eefb1dbcab87cb97f78961bb847f61396380bb
  AWSS3: addf558f9cf2368e7fb520440867fea5596db0fb
  AWSSES: 4b81522e24a8e4095d8d6c0511397ab1d51fc06f
  AWSSimpleDB: d25964f8ec8e5d20af3755667fe0c2924e28925c
  Bolts: 8a7995239dbe724f9cba2248b766d48b7ebdd322
  FacebookCore: 2cb3f0fbff218e9d3119cec84bae983b232412de
  FacebookLogin: c9d606504735780a9e3002465a615512e0a691a5
  FBSDKCoreKit: f8c9eb0dd34a9cd277c7b60da4b32226d142502d
  FBSDKLoginKit: 1214c6d5a1c4995b694d8db8a9ba6910c6028acf

PODFILE CHECKSUM: e3f98643ef2a6332a6816cd9a58f1ac59f1bb5c1

COCOAPODS: 1.2.1
